
Microsoft Visual Studio Solution File, Format Version 12.00
# Visual Studio 2012
Project("{FAE04EC0-301F-11D3-BF4B-00C04F79EFBC}") = "kCura.IntegrationPoints.Data.Tests", "kCura.IntegrationPoints.Data.Tests\kCura.IntegrationPoints.Data.Tests.csproj", "{8918AEA8-619B-4AA0-AF98-AA0F8DA4131A}"
	ProjectSection(ProjectDependencies) = postProject
		{599D771D-2AE7-4321-9BAC-BE06F827CE0A} = {599D771D-2AE7-4321-9BAC-BE06F827CE0A}
	EndProjectSection
EndProject
Project("{FAE04EC0-301F-11D3-BF4B-00C04F79EFBC}") = "kCura.IntegrationPoints.Data", "kCura.IntegrationPoints.Data\kCura.IntegrationPoints.Data.csproj", "{599D771D-2AE7-4321-9BAC-BE06F827CE0A}"
EndProject
Project("{2150E333-8FDC-42A3-9474-1A3956D46DE8}") = ".nuget", ".nuget", "{A34000B0-F2E7-401C-A72B-D6AAC6847860}"
	ProjectSection(SolutionItems) = preProject
		.nuget\packages.config = .nuget\packages.config
	EndProjectSection
EndProject
Project("{FAE04EC0-301F-11D3-BF4B-00C04F79EFBC}") = "kCura.IntegrationPoints.Contracts", "kCura.IntegrationPoints.Contracts\kCura.IntegrationPoints.Contracts.csproj", "{0CEDB7AF-DB89-47DE-9587-8CCD58621F2F}"
EndProject
Project("{FAE04EC0-301F-11D3-BF4B-00C04F79EFBC}") = "kCura.IntegrationPoints.SourceProviderInstaller", "kCura.IntegrationPoints.SourceProviderInstaller\kCura.IntegrationPoints.SourceProviderInstaller.csproj", "{FCAF52CD-0F8F-4D71-AC61-B7591A181A08}"
EndProject
Project("{FAE04EC0-301F-11D3-BF4B-00C04F79EFBC}") = "kCura.IntegrationPoints.Core", "kCura.IntegrationPoints.Core\kCura.IntegrationPoints.Core.csproj", "{A1AE667B-1B6E-4BB9-AF1D-912620292283}"
EndProject
Global
	GlobalSection(SolutionConfigurationPlatforms) = preSolution
		Debug|Any CPU = Debug|Any CPU
		Debug|Mixed Platforms = Debug|Mixed Platforms
		Debug|x64 = Debug|x64
		Release|Any CPU = Release|Any CPU
		Release|Mixed Platforms = Release|Mixed Platforms
		Release|x64 = Release|x64
	EndGlobalSection
	GlobalSection(ProjectConfigurationPlatforms) = postSolution
		{8918AEA8-619B-4AA0-AF98-AA0F8DA4131A}.Debug|Any CPU.ActiveCfg = Debug|x64
		{8918AEA8-619B-4AA0-AF98-AA0F8DA4131A}.Debug|Any CPU.Build.0 = Debug|x64
		{8918AEA8-619B-4AA0-AF98-AA0F8DA4131A}.Debug|Mixed Platforms.ActiveCfg = Debug|Any CPU
		{8918AEA8-619B-4AA0-AF98-AA0F8DA4131A}.Debug|Mixed Platforms.Build.0 = Debug|Any CPU
		{8918AEA8-619B-4AA0-AF98-AA0F8DA4131A}.Debug|x64.ActiveCfg = Debug|x64
		{8918AEA8-619B-4AA0-AF98-AA0F8DA4131A}.Debug|x64.Build.0 = Debug|x64
		{8918AEA8-619B-4AA0-AF98-AA0F8DA4131A}.Release|Any CPU.ActiveCfg = Release|Any CPU
		{8918AEA8-619B-4AA0-AF98-AA0F8DA4131A}.Release|Any CPU.Build.0 = Release|Any CPU
		{8918AEA8-619B-4AA0-AF98-AA0F8DA4131A}.Release|Mixed Platforms.ActiveCfg = Release|Any CPU
		{8918AEA8-619B-4AA0-AF98-AA0F8DA4131A}.Release|Mixed Platforms.Build.0 = Release|Any CPU
		{8918AEA8-619B-4AA0-AF98-AA0F8DA4131A}.Release|x64.ActiveCfg = Release|x64
		{8918AEA8-619B-4AA0-AF98-AA0F8DA4131A}.Release|x64.Build.0 = Release|x64
		{599D771D-2AE7-4321-9BAC-BE06F827CE0A}.Debug|Any CPU.ActiveCfg = Debug|x64
		{599D771D-2AE7-4321-9BAC-BE06F827CE0A}.Debug|Any CPU.Build.0 = Debug|x64
		{599D771D-2AE7-4321-9BAC-BE06F827CE0A}.Debug|Mixed Platforms.ActiveCfg = Debug|Any CPU
		{599D771D-2AE7-4321-9BAC-BE06F827CE0A}.Debug|Mixed Platforms.Build.0 = Debug|Any CPU
		{599D771D-2AE7-4321-9BAC-BE06F827CE0A}.Debug|x64.ActiveCfg = Debug|x64
		{599D771D-2AE7-4321-9BAC-BE06F827CE0A}.Debug|x64.Build.0 = Debug|x64
		{599D771D-2AE7-4321-9BAC-BE06F827CE0A}.Release|Any CPU.ActiveCfg = Release|Any CPU
		{599D771D-2AE7-4321-9BAC-BE06F827CE0A}.Release|Any CPU.Build.0 = Release|Any CPU
		{599D771D-2AE7-4321-9BAC-BE06F827CE0A}.Release|Mixed Platforms.ActiveCfg = Release|Any CPU
		{599D771D-2AE7-4321-9BAC-BE06F827CE0A}.Release|Mixed Platforms.Build.0 = Release|Any CPU
		{599D771D-2AE7-4321-9BAC-BE06F827CE0A}.Release|x64.ActiveCfg = Release|x64
		{599D771D-2AE7-4321-9BAC-BE06F827CE0A}.Release|x64.Build.0 = Release|x64
		{0CEDB7AF-DB89-47DE-9587-8CCD58621F2F}.Debug|Any CPU.ActiveCfg = Debug|Any CPU
		{0CEDB7AF-DB89-47DE-9587-8CCD58621F2F}.Debug|Any CPU.Build.0 = Debug|Any CPU
		{0CEDB7AF-DB89-47DE-9587-8CCD58621F2F}.Debug|Mixed Platforms.ActiveCfg = Debug|Any CPU
		{0CEDB7AF-DB89-47DE-9587-8CCD58621F2F}.Debug|Mixed Platforms.Build.0 = Debug|Any CPU
		{0CEDB7AF-DB89-47DE-9587-8CCD58621F2F}.Debug|x64.ActiveCfg = Debug|x64
		{0CEDB7AF-DB89-47DE-9587-8CCD58621F2F}.Debug|x64.Build.0 = Debug|x64
		{0CEDB7AF-DB89-47DE-9587-8CCD58621F2F}.Release|Any CPU.ActiveCfg = Release|Any CPU
		{0CEDB7AF-DB89-47DE-9587-8CCD58621F2F}.Release|Any CPU.Build.0 = Release|Any CPU
		{0CEDB7AF-DB89-47DE-9587-8CCD58621F2F}.Release|Mixed Platforms.ActiveCfg = Release|Any CPU
		{0CEDB7AF-DB89-47DE-9587-8CCD58621F2F}.Release|Mixed Platforms.Build.0 = Release|Any CPU
		{0CEDB7AF-DB89-47DE-9587-8CCD58621F2F}.Release|x64.ActiveCfg = Release|x64
		{0CEDB7AF-DB89-47DE-9587-8CCD58621F2F}.Release|x64.Build.0 = Release|x64
		{FCAF52CD-0F8F-4D71-AC61-B7591A181A08}.Debug|Any CPU.ActiveCfg = Debug|Any CPU
		{FCAF52CD-0F8F-4D71-AC61-B7591A181A08}.Debug|Any CPU.Build.0 = Debug|Any CPU
		{FCAF52CD-0F8F-4D71-AC61-B7591A181A08}.Debug|Mixed Platforms.ActiveCfg = Debug|Any CPU
		{FCAF52CD-0F8F-4D71-AC61-B7591A181A08}.Debug|Mixed Platforms.Build.0 = Debug|Any CPU
		{FCAF52CD-0F8F-4D71-AC61-B7591A181A08}.Debug|x64.ActiveCfg = Debug|x64
		{FCAF52CD-0F8F-4D71-AC61-B7591A181A08}.Debug|x64.Build.0 = Debug|x64
		{FCAF52CD-0F8F-4D71-AC61-B7591A181A08}.Release|Any CPU.ActiveCfg = Release|Any CPU
		{FCAF52CD-0F8F-4D71-AC61-B7591A181A08}.Release|Any CPU.Build.0 = Release|Any CPU
		{FCAF52CD-0F8F-4D71-AC61-B7591A181A08}.Release|Mixed Platforms.ActiveCfg = Release|Any CPU
		{FCAF52CD-0F8F-4D71-AC61-B7591A181A08}.Release|Mixed Platforms.Build.0 = Release|Any CPU
		{FCAF52CD-0F8F-4D71-AC61-B7591A181A08}.Release|x64.ActiveCfg = Release|x64
		{FCAF52CD-0F8F-4D71-AC61-B7591A181A08}.Release|x64.Build.0 = Release|x64
		{A1AE667B-1B6E-4BB9-AF1D-912620292283}.Debug|Any CPU.ActiveCfg = Debug|Any CPU
		{A1AE667B-1B6E-4BB9-AF1D-912620292283}.Debug|Any CPU.Build.0 = Debug|Any CPU
		{A1AE667B-1B6E-4BB9-AF1D-912620292283}.Debug|Mixed Platforms.ActiveCfg = Debug|Any CPU
		{A1AE667B-1B6E-4BB9-AF1D-912620292283}.Debug|Mixed Platforms.Build.0 = Debug|Any CPU
		{A1AE667B-1B6E-4BB9-AF1D-912620292283}.Debug|x64.ActiveCfg = Debug|x64
		{A1AE667B-1B6E-4BB9-AF1D-912620292283}.Debug|x64.Build.0 = Debug|x64
		{A1AE667B-1B6E-4BB9-AF1D-912620292283}.Release|Any CPU.ActiveCfg = Release|Any CPU
		{A1AE667B-1B6E-4BB9-AF1D-912620292283}.Release|Any CPU.Build.0 = Release|Any CPU
		{A1AE667B-1B6E-4BB9-AF1D-912620292283}.Release|Mixed Platforms.ActiveCfg = Release|Any CPU
		{A1AE667B-1B6E-4BB9-AF1D-912620292283}.Release|Mixed Platforms.Build.0 = Release|Any CPU
		{A1AE667B-1B6E-4BB9-AF1D-912620292283}.Release|x64.ActiveCfg = Release|x64
		{A1AE667B-1B6E-4BB9-AF1D-912620292283}.Release|x64.Build.0 = Release|x64
	EndGlobalSection
	GlobalSection(SolutionProperties) = preSolution
		HideSolutionNode = FALSE
	EndGlobalSection
EndGlobal
