
Microsoft Visual Studio Solution File, Format Version 12.00
# Visual Studio 14
VisualStudioVersion = 14.0.25123.0
MinimumVisualStudioVersion = 10.0.40219.1
Project("{FAE04EC0-301F-11D3-BF4B-00C04F79EFBC}") = "kCura.IntegrationPoints.Services", "kCura.IntegrationPoints.Services\kCura.IntegrationPoints.Services.csproj", "{FD2C5DB6-8FD6-40D6-8E50-3641B7D89D9D}"
EndProject
Project("{FAE04EC0-301F-11D3-BF4B-00C04F79EFBC}") = "kCura.IntegrationPoints.Services.Interfaces.Private", "kCura.IntegrationPoints.Services.Interfaces.Private\kCura.IntegrationPoints.Services.Interfaces.Private.csproj", "{B8BF6D01-E190-4C2C-B07F-3B627FFC1BFC}"
EndProject
Project("{FAE04EC0-301F-11D3-BF4B-00C04F79EFBC}") = "kCura.IntegrationPoint.Tests.Core", "kCura.IntegrationPoint.Tests.Core\kCura.IntegrationPoint.Tests.Core.csproj", "{AD3E5540-FA39-4983-8A23-FCC756D51A32}"
EndProject
Global
	GlobalSection(SolutionConfigurationPlatforms) = preSolution
		Debug|Any CPU = Debug|Any CPU
		Debug|x64 = Debug|x64
		Release|Any CPU = Release|Any CPU
		Release|x64 = Release|x64
	EndGlobalSection
	GlobalSection(ProjectConfigurationPlatforms) = postSolution
		{FD2C5DB6-8FD6-40D6-8E50-3641B7D89D9D}.Debug|Any CPU.ActiveCfg = Debug|Any CPU
		{FD2C5DB6-8FD6-40D6-8E50-3641B7D89D9D}.Debug|Any CPU.Build.0 = Debug|Any CPU
		{FD2C5DB6-8FD6-40D6-8E50-3641B7D89D9D}.Debug|x64.ActiveCfg = Debug|Any CPU
		{FD2C5DB6-8FD6-40D6-8E50-3641B7D89D9D}.Debug|x64.Build.0 = Debug|Any CPU
		{FD2C5DB6-8FD6-40D6-8E50-3641B7D89D9D}.Release|Any CPU.ActiveCfg = Debug|Any CPU
		{FD2C5DB6-8FD6-40D6-8E50-3641B7D89D9D}.Release|Any CPU.Build.0 = Debug|Any CPU
		{FD2C5DB6-8FD6-40D6-8E50-3641B7D89D9D}.Release|x64.ActiveCfg = Debug|Any CPU
		{FD2C5DB6-8FD6-40D6-8E50-3641B7D89D9D}.Release|x64.Build.0 = Debug|Any CPU
		{B8BF6D01-E190-4C2C-B07F-3B627FFC1BFC}.Debug|Any CPU.ActiveCfg = Debug|Any CPU
		{B8BF6D01-E190-4C2C-B07F-3B627FFC1BFC}.Debug|Any CPU.Build.0 = Debug|Any CPU
		{B8BF6D01-E190-4C2C-B07F-3B627FFC1BFC}.Debug|x64.ActiveCfg = Debug|Any CPU
		{B8BF6D01-E190-4C2C-B07F-3B627FFC1BFC}.Debug|x64.Build.0 = Debug|Any CPU
		{B8BF6D01-E190-4C2C-B07F-3B627FFC1BFC}.Release|Any CPU.ActiveCfg = Debug|Any CPU
		{B8BF6D01-E190-4C2C-B07F-3B627FFC1BFC}.Release|Any CPU.Build.0 = Debug|Any CPU
		{B8BF6D01-E190-4C2C-B07F-3B627FFC1BFC}.Release|x64.ActiveCfg = Debug|Any CPU
		{B8BF6D01-E190-4C2C-B07F-3B627FFC1BFC}.Release|x64.Build.0 = Debug|Any CPU
		{AD3E5540-FA39-4983-8A23-FCC756D51A32}.Debug|Any CPU.ActiveCfg = Debug|Any CPU
		{AD3E5540-FA39-4983-8A23-FCC756D51A32}.Debug|Any CPU.Build.0 = Debug|Any CPU
		{AD3E5540-FA39-4983-8A23-FCC756D51A32}.Debug|x64.ActiveCfg = Debug|Any CPU
		{AD3E5540-FA39-4983-8A23-FCC756D51A32}.Debug|x64.Build.0 = Debug|Any CPU
		{AD3E5540-FA39-4983-8A23-FCC756D51A32}.Release|Any CPU.ActiveCfg = Release|Any CPU
		{AD3E5540-FA39-4983-8A23-FCC756D51A32}.Release|Any CPU.Build.0 = Release|Any CPU
		{AD3E5540-FA39-4983-8A23-FCC756D51A32}.Release|x64.ActiveCfg = Release|Any CPU
		{AD3E5540-FA39-4983-8A23-FCC756D51A32}.Release|x64.Build.0 = Release|Any CPU
	EndGlobalSection
	GlobalSection(SolutionProperties) = preSolution
		HideSolutionNode = FALSE
	EndGlobalSection
EndGlobal
