
Microsoft Visual Studio Solution File, Format Version 12.00
# Visual Studio 2012
Project("{FAE04EC0-301F-11D3-BF4B-00C04F79EFBC}") = "kCura.IntegrationPoints.Web", "kCura.IntegrationPoints.Web\kCura.IntegrationPoints.Web.csproj", "{05724E56-C325-4CA2-9122-50A41411B691}"
	ProjectSection(ProjectDependencies) = postProject
		{599D771D-2AE7-4321-9BAC-BE06F827CE0A} = {599D771D-2AE7-4321-9BAC-BE06F827CE0A}
	EndProjectSection
EndProject
Project("{FAE04EC0-301F-11D3-BF4B-00C04F79EFBC}") = "kCura.IntegrationPoints.Web.Tests", "kCura.IntegrationPoints.Web.Tests\kCura.IntegrationPoints.Web.Tests.csproj", "{C355B68A-5EA2-4BDA-8898-C84049D664DF}"
EndProject
Project("{FAE04EC0-301F-11D3-BF4B-00C04F79EFBC}") = "kCura.IntegrationPoints.Core", "kCura.IntegrationPoints.Core\kCura.IntegrationPoints.Core.csproj", "{A1AE667B-1B6E-4BB9-AF1D-912620292283}"
	ProjectSection(ProjectDependencies) = postProject
		{599D771D-2AE7-4321-9BAC-BE06F827CE0A} = {599D771D-2AE7-4321-9BAC-BE06F827CE0A}
	EndProjectSection
EndProject
Project("{FAE04EC0-301F-11D3-BF4B-00C04F79EFBC}") = "kCura.IntegrationPoints.Core.Tests", "kCura.IntegrationPoints.Core.Tests\kCura.IntegrationPoints.Core.Tests.csproj", "{81CAAB75-DFDA-4EFB-980C-9FEE0D9F359A}"
	ProjectSection(ProjectDependencies) = postProject
		{A1AE667B-1B6E-4BB9-AF1D-912620292283} = {A1AE667B-1B6E-4BB9-AF1D-912620292283}
	EndProjectSection
EndProject
Project("{FAE04EC0-301F-11D3-BF4B-00C04F79EFBC}") = "kCura.IntegrationPoints.Data.Tests", "kCura.IntegrationPoints.Data.Tests\kCura.IntegrationPoints.Data.Tests.csproj", "{8918AEA8-619B-4AA0-AF98-AA0F8DA4131A}"
	ProjectSection(ProjectDependencies) = postProject
		{599D771D-2AE7-4321-9BAC-BE06F827CE0A} = {599D771D-2AE7-4321-9BAC-BE06F827CE0A}
	EndProjectSection
EndProject
Project("{FAE04EC0-301F-11D3-BF4B-00C04F79EFBC}") = "kCura.IntegrationPoints.Data", "kCura.IntegrationPoints.Data\kCura.IntegrationPoints.Data.csproj", "{599D771D-2AE7-4321-9BAC-BE06F827CE0A}"
EndProject
Project("{FAE04EC0-301F-11D3-BF4B-00C04F79EFBC}") = "kCura.IntegrationPoints.Agent", "kCura.IntegrationPoints.Agent\kCura.IntegrationPoints.Agent.csproj", "{BFA5641B-AA6F-4FA5-A20D-6F42B484CAE4}"
	ProjectSection(ProjectDependencies) = postProject
		{599D771D-2AE7-4321-9BAC-BE06F827CE0A} = {599D771D-2AE7-4321-9BAC-BE06F827CE0A}
		{A1AE667B-1B6E-4BB9-AF1D-912620292283} = {A1AE667B-1B6E-4BB9-AF1D-912620292283}
	EndProjectSection
EndProject
Project("{FAE04EC0-301F-11D3-BF4B-00C04F79EFBC}") = "kCura.IntegrationPoints.Agent.Tests", "kCura.IntegrationPoints.Agent.Tests\kCura.IntegrationPoints.Agent.Tests.csproj", "{9F8F3789-4523-4C2F-BE74-ED7DF7A51D81}"
	ProjectSection(ProjectDependencies) = postProject
		{BFA5641B-AA6F-4FA5-A20D-6F42B484CAE4} = {BFA5641B-AA6F-4FA5-A20D-6F42B484CAE4}
	EndProjectSection
EndProject
Project("{FAE04EC0-301F-11D3-BF4B-00C04F79EFBC}") = "kCura.IntegrationPoints.EventHandlers", "kCura.IntegrationPoints.EventHandlers\kCura.IntegrationPoints.EventHandlers.csproj", "{6571B092-1582-4FEC-9101-F510E7E573BC}"
	ProjectSection(ProjectDependencies) = postProject
		{599D771D-2AE7-4321-9BAC-BE06F827CE0A} = {599D771D-2AE7-4321-9BAC-BE06F827CE0A}
	EndProjectSection
EndProject
Project("{FAE04EC0-301F-11D3-BF4B-00C04F79EFBC}") = "kCura.IntegrationPoints.EventHandlers.Tests", "kCura.IntegrationPoints.EventHandlers.Tests\kCura.IntegrationPoints.EventHandlers.Tests.csproj", "{8966DE8D-89D0-4F63-B514-7C1F4E94AA89}"
EndProject
Project("{2150E333-8FDC-42A3-9474-1A3956D46DE8}") = ".nuget", ".nuget", "{A34000B0-F2E7-401C-A72B-D6AAC6847860}"
	ProjectSection(SolutionItems) = preProject
		.nuget\packages.config = .nuget\packages.config
	EndProjectSection
EndProject
Project("{FAE04EC0-301F-11D3-BF4B-00C04F79EFBC}") = "kCura.Agent.ScheduleQueueAgent", "kCura.Agent.ScheduleQueueAgent\kCura.Agent.ScheduleQueueAgent.csproj", "{C831C856-E74F-48B4-AEBC-1CF15576E082}"
EndProject
Project("{FAE04EC0-301F-11D3-BF4B-00C04F79EFBC}") = "kCura.IntegrationPoints.Synchronizers.RDO", "kCura.IntegrationPoints.Syncronizers.RDO\kCura.IntegrationPoints.Synchronizers.RDO.csproj", "{B91CC4ED-ABF3-4409-8DF3-46A3C26EB4AA}"
EndProject
Project("{FAE04EC0-301F-11D3-BF4B-00C04F79EFBC}") = "kCura.IntegrationPoints.Synchronizers.RDO.Tests", "kCura.IntegrationPoints.Syncronizers.RDO.Tests\kCura.IntegrationPoints.Synchronizers.RDO.Tests.csproj", "{3E549337-A9B9-4C77-8B12-4E31EFAA53F8}"
EndProject
Global
	GlobalSection(SolutionConfigurationPlatforms) = preSolution
		Debug|Any CPU = Debug|Any CPU
		Debug|Mixed Platforms = Debug|Mixed Platforms
		Debug|x64 = Debug|x64
		Release|Any CPU = Release|Any CPU
		Release|Mixed Platforms = Release|Mixed Platforms
		Release|x64 = Release|x64
	EndGlobalSection
	GlobalSection(ProjectConfigurationPlatforms) = postSolution
		{05724E56-C325-4CA2-9122-50A41411B691}.Debug|Any CPU.ActiveCfg = Debug|x64
		{05724E56-C325-4CA2-9122-50A41411B691}.Debug|Any CPU.Build.0 = Debug|x64
		{05724E56-C325-4CA2-9122-50A41411B691}.Debug|Mixed Platforms.ActiveCfg = Debug|Any CPU
		{05724E56-C325-4CA2-9122-50A41411B691}.Debug|Mixed Platforms.Build.0 = Debug|Any CPU
		{05724E56-C325-4CA2-9122-50A41411B691}.Debug|x64.ActiveCfg = Debug|x64
		{05724E56-C325-4CA2-9122-50A41411B691}.Debug|x64.Build.0 = Debug|x64
		{05724E56-C325-4CA2-9122-50A41411B691}.Release|Any CPU.ActiveCfg = Release|Any CPU
		{05724E56-C325-4CA2-9122-50A41411B691}.Release|Any CPU.Build.0 = Release|Any CPU
		{05724E56-C325-4CA2-9122-50A41411B691}.Release|Mixed Platforms.ActiveCfg = Release|Any CPU
		{05724E56-C325-4CA2-9122-50A41411B691}.Release|Mixed Platforms.Build.0 = Release|Any CPU
		{05724E56-C325-4CA2-9122-50A41411B691}.Release|x64.ActiveCfg = Release|x64
		{05724E56-C325-4CA2-9122-50A41411B691}.Release|x64.Build.0 = Release|x64
		{C355B68A-5EA2-4BDA-8898-C84049D664DF}.Debug|Any CPU.ActiveCfg = Debug|x64
		{C355B68A-5EA2-4BDA-8898-C84049D664DF}.Debug|Any CPU.Build.0 = Debug|x64
		{C355B68A-5EA2-4BDA-8898-C84049D664DF}.Debug|Mixed Platforms.ActiveCfg = Debug|Any CPU
		{C355B68A-5EA2-4BDA-8898-C84049D664DF}.Debug|Mixed Platforms.Build.0 = Debug|Any CPU
		{C355B68A-5EA2-4BDA-8898-C84049D664DF}.Debug|x64.ActiveCfg = Debug|x64
		{C355B68A-5EA2-4BDA-8898-C84049D664DF}.Debug|x64.Build.0 = Debug|x64
		{C355B68A-5EA2-4BDA-8898-C84049D664DF}.Release|Any CPU.ActiveCfg = Release|Any CPU
		{C355B68A-5EA2-4BDA-8898-C84049D664DF}.Release|Any CPU.Build.0 = Release|Any CPU
		{C355B68A-5EA2-4BDA-8898-C84049D664DF}.Release|Mixed Platforms.ActiveCfg = Release|Any CPU
		{C355B68A-5EA2-4BDA-8898-C84049D664DF}.Release|Mixed Platforms.Build.0 = Release|Any CPU
		{C355B68A-5EA2-4BDA-8898-C84049D664DF}.Release|x64.ActiveCfg = Release|x64
		{C355B68A-5EA2-4BDA-8898-C84049D664DF}.Release|x64.Build.0 = Release|x64
		{A1AE667B-1B6E-4BB9-AF1D-912620292283}.Debug|Any CPU.ActiveCfg = Debug|x64
		{A1AE667B-1B6E-4BB9-AF1D-912620292283}.Debug|Any CPU.Build.0 = Debug|x64
		{A1AE667B-1B6E-4BB9-AF1D-912620292283}.Debug|Mixed Platforms.ActiveCfg = Debug|Any CPU
		{A1AE667B-1B6E-4BB9-AF1D-912620292283}.Debug|Mixed Platforms.Build.0 = Debug|Any CPU
		{A1AE667B-1B6E-4BB9-AF1D-912620292283}.Debug|x64.ActiveCfg = Debug|x64
		{A1AE667B-1B6E-4BB9-AF1D-912620292283}.Debug|x64.Build.0 = Debug|x64
		{A1AE667B-1B6E-4BB9-AF1D-912620292283}.Release|Any CPU.ActiveCfg = Release|Any CPU
		{A1AE667B-1B6E-4BB9-AF1D-912620292283}.Release|Any CPU.Build.0 = Release|Any CPU
		{A1AE667B-1B6E-4BB9-AF1D-912620292283}.Release|Mixed Platforms.ActiveCfg = Release|Any CPU
		{A1AE667B-1B6E-4BB9-AF1D-912620292283}.Release|Mixed Platforms.Build.0 = Release|Any CPU
		{A1AE667B-1B6E-4BB9-AF1D-912620292283}.Release|x64.ActiveCfg = Release|x64
		{A1AE667B-1B6E-4BB9-AF1D-912620292283}.Release|x64.Build.0 = Release|x64
		{81CAAB75-DFDA-4EFB-980C-9FEE0D9F359A}.Debug|Any CPU.ActiveCfg = Debug|x64
		{81CAAB75-DFDA-4EFB-980C-9FEE0D9F359A}.Debug|Any CPU.Build.0 = Debug|x64
		{81CAAB75-DFDA-4EFB-980C-9FEE0D9F359A}.Debug|Mixed Platforms.ActiveCfg = Debug|Any CPU
		{81CAAB75-DFDA-4EFB-980C-9FEE0D9F359A}.Debug|Mixed Platforms.Build.0 = Debug|Any CPU
		{81CAAB75-DFDA-4EFB-980C-9FEE0D9F359A}.Debug|x64.ActiveCfg = Debug|x64
		{81CAAB75-DFDA-4EFB-980C-9FEE0D9F359A}.Debug|x64.Build.0 = Debug|x64
		{81CAAB75-DFDA-4EFB-980C-9FEE0D9F359A}.Release|Any CPU.ActiveCfg = Release|Any CPU
		{81CAAB75-DFDA-4EFB-980C-9FEE0D9F359A}.Release|Any CPU.Build.0 = Release|Any CPU
		{81CAAB75-DFDA-4EFB-980C-9FEE0D9F359A}.Release|Mixed Platforms.ActiveCfg = Release|Any CPU
		{81CAAB75-DFDA-4EFB-980C-9FEE0D9F359A}.Release|Mixed Platforms.Build.0 = Release|Any CPU
		{81CAAB75-DFDA-4EFB-980C-9FEE0D9F359A}.Release|x64.ActiveCfg = Release|x64
		{81CAAB75-DFDA-4EFB-980C-9FEE0D9F359A}.Release|x64.Build.0 = Release|x64
		{8918AEA8-619B-4AA0-AF98-AA0F8DA4131A}.Debug|Any CPU.ActiveCfg = Debug|x64
		{8918AEA8-619B-4AA0-AF98-AA0F8DA4131A}.Debug|Any CPU.Build.0 = Debug|x64
		{8918AEA8-619B-4AA0-AF98-AA0F8DA4131A}.Debug|Mixed Platforms.ActiveCfg = Debug|Any CPU
		{8918AEA8-619B-4AA0-AF98-AA0F8DA4131A}.Debug|Mixed Platforms.Build.0 = Debug|Any CPU
		{8918AEA8-619B-4AA0-AF98-AA0F8DA4131A}.Debug|x64.ActiveCfg = Debug|x64
		{8918AEA8-619B-4AA0-AF98-AA0F8DA4131A}.Debug|x64.Build.0 = Debug|x64
		{8918AEA8-619B-4AA0-AF98-AA0F8DA4131A}.Release|Any CPU.ActiveCfg = Release|Any CPU
		{8918AEA8-619B-4AA0-AF98-AA0F8DA4131A}.Release|Any CPU.Build.0 = Release|Any CPU
		{8918AEA8-619B-4AA0-AF98-AA0F8DA4131A}.Release|Mixed Platforms.ActiveCfg = Release|Any CPU
		{8918AEA8-619B-4AA0-AF98-AA0F8DA4131A}.Release|Mixed Platforms.Build.0 = Release|Any CPU
		{8918AEA8-619B-4AA0-AF98-AA0F8DA4131A}.Release|x64.ActiveCfg = Release|x64
		{8918AEA8-619B-4AA0-AF98-AA0F8DA4131A}.Release|x64.Build.0 = Release|x64
		{599D771D-2AE7-4321-9BAC-BE06F827CE0A}.Debug|Any CPU.ActiveCfg = Debug|x64
		{599D771D-2AE7-4321-9BAC-BE06F827CE0A}.Debug|Any CPU.Build.0 = Debug|x64
		{599D771D-2AE7-4321-9BAC-BE06F827CE0A}.Debug|Mixed Platforms.ActiveCfg = Debug|Any CPU
		{599D771D-2AE7-4321-9BAC-BE06F827CE0A}.Debug|Mixed Platforms.Build.0 = Debug|Any CPU
		{599D771D-2AE7-4321-9BAC-BE06F827CE0A}.Debug|x64.ActiveCfg = Debug|x64
		{599D771D-2AE7-4321-9BAC-BE06F827CE0A}.Debug|x64.Build.0 = Debug|x64
		{599D771D-2AE7-4321-9BAC-BE06F827CE0A}.Release|Any CPU.ActiveCfg = Release|Any CPU
		{599D771D-2AE7-4321-9BAC-BE06F827CE0A}.Release|Any CPU.Build.0 = Release|Any CPU
		{599D771D-2AE7-4321-9BAC-BE06F827CE0A}.Release|Mixed Platforms.ActiveCfg = Release|Any CPU
		{599D771D-2AE7-4321-9BAC-BE06F827CE0A}.Release|Mixed Platforms.Build.0 = Release|Any CPU
		{599D771D-2AE7-4321-9BAC-BE06F827CE0A}.Release|x64.ActiveCfg = Release|x64
		{599D771D-2AE7-4321-9BAC-BE06F827CE0A}.Release|x64.Build.0 = Release|x64
		{BFA5641B-AA6F-4FA5-A20D-6F42B484CAE4}.Debug|Any CPU.ActiveCfg = Debug|x64
		{BFA5641B-AA6F-4FA5-A20D-6F42B484CAE4}.Debug|Any CPU.Build.0 = Debug|x64
		{BFA5641B-AA6F-4FA5-A20D-6F42B484CAE4}.Debug|Mixed Platforms.ActiveCfg = Debug|Any CPU
		{BFA5641B-AA6F-4FA5-A20D-6F42B484CAE4}.Debug|Mixed Platforms.Build.0 = Debug|Any CPU
		{BFA5641B-AA6F-4FA5-A20D-6F42B484CAE4}.Debug|x64.ActiveCfg = Debug|x64
		{BFA5641B-AA6F-4FA5-A20D-6F42B484CAE4}.Debug|x64.Build.0 = Debug|x64
		{BFA5641B-AA6F-4FA5-A20D-6F42B484CAE4}.Release|Any CPU.ActiveCfg = Release|Any CPU
		{BFA5641B-AA6F-4FA5-A20D-6F42B484CAE4}.Release|Any CPU.Build.0 = Release|Any CPU
		{BFA5641B-AA6F-4FA5-A20D-6F42B484CAE4}.Release|Mixed Platforms.ActiveCfg = Release|Any CPU
		{BFA5641B-AA6F-4FA5-A20D-6F42B484CAE4}.Release|Mixed Platforms.Build.0 = Release|Any CPU
		{BFA5641B-AA6F-4FA5-A20D-6F42B484CAE4}.Release|x64.ActiveCfg = Release|x64
		{BFA5641B-AA6F-4FA5-A20D-6F42B484CAE4}.Release|x64.Build.0 = Release|x64
		{9F8F3789-4523-4C2F-BE74-ED7DF7A51D81}.Debug|Any CPU.ActiveCfg = Debug|x64
		{9F8F3789-4523-4C2F-BE74-ED7DF7A51D81}.Debug|Any CPU.Build.0 = Debug|x64
		{9F8F3789-4523-4C2F-BE74-ED7DF7A51D81}.Debug|Mixed Platforms.ActiveCfg = Debug|Any CPU
		{9F8F3789-4523-4C2F-BE74-ED7DF7A51D81}.Debug|Mixed Platforms.Build.0 = Debug|Any CPU
		{9F8F3789-4523-4C2F-BE74-ED7DF7A51D81}.Debug|x64.ActiveCfg = Debug|x64
		{9F8F3789-4523-4C2F-BE74-ED7DF7A51D81}.Debug|x64.Build.0 = Debug|x64
		{9F8F3789-4523-4C2F-BE74-ED7DF7A51D81}.Release|Any CPU.ActiveCfg = Release|Any CPU
		{9F8F3789-4523-4C2F-BE74-ED7DF7A51D81}.Release|Any CPU.Build.0 = Release|Any CPU
		{9F8F3789-4523-4C2F-BE74-ED7DF7A51D81}.Release|Mixed Platforms.ActiveCfg = Release|Any CPU
		{9F8F3789-4523-4C2F-BE74-ED7DF7A51D81}.Release|Mixed Platforms.Build.0 = Release|Any CPU
		{9F8F3789-4523-4C2F-BE74-ED7DF7A51D81}.Release|x64.ActiveCfg = Release|x64
		{9F8F3789-4523-4C2F-BE74-ED7DF7A51D81}.Release|x64.Build.0 = Release|x64
		{6571B092-1582-4FEC-9101-F510E7E573BC}.Debug|Any CPU.ActiveCfg = Debug|x64
		{6571B092-1582-4FEC-9101-F510E7E573BC}.Debug|Any CPU.Build.0 = Debug|x64
		{6571B092-1582-4FEC-9101-F510E7E573BC}.Debug|Mixed Platforms.ActiveCfg = Debug|Any CPU
		{6571B092-1582-4FEC-9101-F510E7E573BC}.Debug|Mixed Platforms.Build.0 = Debug|Any CPU
		{6571B092-1582-4FEC-9101-F510E7E573BC}.Debug|x64.ActiveCfg = Debug|x64
		{6571B092-1582-4FEC-9101-F510E7E573BC}.Debug|x64.Build.0 = Debug|x64
		{6571B092-1582-4FEC-9101-F510E7E573BC}.Release|Any CPU.ActiveCfg = Release|Any CPU
		{6571B092-1582-4FEC-9101-F510E7E573BC}.Release|Any CPU.Build.0 = Release|Any CPU
		{6571B092-1582-4FEC-9101-F510E7E573BC}.Release|Mixed Platforms.ActiveCfg = Release|Any CPU
		{6571B092-1582-4FEC-9101-F510E7E573BC}.Release|Mixed Platforms.Build.0 = Release|Any CPU
		{6571B092-1582-4FEC-9101-F510E7E573BC}.Release|x64.ActiveCfg = Release|x64
		{6571B092-1582-4FEC-9101-F510E7E573BC}.Release|x64.Build.0 = Release|x64
		{8966DE8D-89D0-4F63-B514-7C1F4E94AA89}.Debug|Any CPU.ActiveCfg = Debug|x64
		{8966DE8D-89D0-4F63-B514-7C1F4E94AA89}.Debug|Any CPU.Build.0 = Debug|x64
		{8966DE8D-89D0-4F63-B514-7C1F4E94AA89}.Debug|Mixed Platforms.ActiveCfg = Debug|Any CPU
		{8966DE8D-89D0-4F63-B514-7C1F4E94AA89}.Debug|Mixed Platforms.Build.0 = Debug|Any CPU
		{8966DE8D-89D0-4F63-B514-7C1F4E94AA89}.Debug|x64.ActiveCfg = Debug|x64
		{8966DE8D-89D0-4F63-B514-7C1F4E94AA89}.Debug|x64.Build.0 = Debug|x64
		{8966DE8D-89D0-4F63-B514-7C1F4E94AA89}.Release|Any CPU.ActiveCfg = Release|Any CPU
		{8966DE8D-89D0-4F63-B514-7C1F4E94AA89}.Release|Any CPU.Build.0 = Release|Any CPU
		{8966DE8D-89D0-4F63-B514-7C1F4E94AA89}.Release|Mixed Platforms.ActiveCfg = Release|Any CPU
		{8966DE8D-89D0-4F63-B514-7C1F4E94AA89}.Release|Mixed Platforms.Build.0 = Release|Any CPU
		{8966DE8D-89D0-4F63-B514-7C1F4E94AA89}.Release|x64.ActiveCfg = Release|x64
		{8966DE8D-89D0-4F63-B514-7C1F4E94AA89}.Release|x64.Build.0 = Release|x64
		{C831C856-E74F-48B4-AEBC-1CF15576E082}.Debug|Any CPU.ActiveCfg = Debug|Any CPU
		{C831C856-E74F-48B4-AEBC-1CF15576E082}.Debug|Any CPU.Build.0 = Debug|Any CPU
		{C831C856-E74F-48B4-AEBC-1CF15576E082}.Debug|Mixed Platforms.ActiveCfg = Debug|Any CPU
		{C831C856-E74F-48B4-AEBC-1CF15576E082}.Debug|Mixed Platforms.Build.0 = Debug|Any CPU
		{C831C856-E74F-48B4-AEBC-1CF15576E082}.Debug|x64.ActiveCfg = Debug|x64
		{C831C856-E74F-48B4-AEBC-1CF15576E082}.Debug|x64.Build.0 = Debug|x64
		{C831C856-E74F-48B4-AEBC-1CF15576E082}.Release|Any CPU.ActiveCfg = Release|Any CPU
		{C831C856-E74F-48B4-AEBC-1CF15576E082}.Release|Any CPU.Build.0 = Release|Any CPU
		{C831C856-E74F-48B4-AEBC-1CF15576E082}.Release|Mixed Platforms.ActiveCfg = Release|Any CPU
		{C831C856-E74F-48B4-AEBC-1CF15576E082}.Release|Mixed Platforms.Build.0 = Release|Any CPU
		{C831C856-E74F-48B4-AEBC-1CF15576E082}.Release|x64.ActiveCfg = Release|Any CPU
		{B91CC4ED-ABF3-4409-8DF3-46A3C26EB4AA}.Debug|Any CPU.ActiveCfg = Debug|x64
		{B91CC4ED-ABF3-4409-8DF3-46A3C26EB4AA}.Debug|Any CPU.Build.0 = Debug|x64
		{B91CC4ED-ABF3-4409-8DF3-46A3C26EB4AA}.Debug|Mixed Platforms.ActiveCfg = Debug|Any CPU
		{B91CC4ED-ABF3-4409-8DF3-46A3C26EB4AA}.Debug|Mixed Platforms.Build.0 = Debug|Any CPU
		{B91CC4ED-ABF3-4409-8DF3-46A3C26EB4AA}.Debug|x64.ActiveCfg = Debug|Any CPU
		{B91CC4ED-ABF3-4409-8DF3-46A3C26EB4AA}.Release|Any CPU.ActiveCfg = Release|Any CPU
		{B91CC4ED-ABF3-4409-8DF3-46A3C26EB4AA}.Release|Any CPU.Build.0 = Release|Any CPU
		{B91CC4ED-ABF3-4409-8DF3-46A3C26EB4AA}.Release|Mixed Platforms.ActiveCfg = Release|Any CPU
		{B91CC4ED-ABF3-4409-8DF3-46A3C26EB4AA}.Release|Mixed Platforms.Build.0 = Release|Any CPU
		{B91CC4ED-ABF3-4409-8DF3-46A3C26EB4AA}.Release|x64.ActiveCfg = Release|Any CPU
		{3E549337-A9B9-4C77-8B12-4E31EFAA53F8}.Debug|Any CPU.ActiveCfg = Debug|x64
		{3E549337-A9B9-4C77-8B12-4E31EFAA53F8}.Debug|Any CPU.Build.0 = Debug|x64
		{3E549337-A9B9-4C77-8B12-4E31EFAA53F8}.Debug|Mixed Platforms.ActiveCfg = Debug|Any CPU
		{3E549337-A9B9-4C77-8B12-4E31EFAA53F8}.Debug|Mixed Platforms.Build.0 = Debug|Any CPU
		{3E549337-A9B9-4C77-8B12-4E31EFAA53F8}.Debug|x64.ActiveCfg = Debug|Any CPU
		{3E549337-A9B9-4C77-8B12-4E31EFAA53F8}.Release|Any CPU.ActiveCfg = Release|Any CPU
		{3E549337-A9B9-4C77-8B12-4E31EFAA53F8}.Release|Any CPU.Build.0 = Release|Any CPU
		{3E549337-A9B9-4C77-8B12-4E31EFAA53F8}.Release|Mixed Platforms.ActiveCfg = Release|Any CPU
		{3E549337-A9B9-4C77-8B12-4E31EFAA53F8}.Release|Mixed Platforms.Build.0 = Release|Any CPU
		{3E549337-A9B9-4C77-8B12-4E31EFAA53F8}.Release|x64.ActiveCfg = Release|Any CPU
	EndGlobalSection
	GlobalSection(SolutionProperties) = preSolution
		HideSolutionNode = FALSE
	EndGlobalSection
EndGlobal
