
Microsoft Visual Studio Solution File, Format Version 12.00
# Visual Studio 15
VisualStudioVersion = 15.0.28307.421
MinimumVisualStudioVersion = 10.0.40219.1
Project("{FAE04EC0-301F-11D3-BF4B-00C04F79EFBC}") = "LibraryTemplate", "LibraryTemplate\LibraryTemplate.csproj", "{E243851D-F0C3-4481-B516-9F09DB214E23}"
EndProject
Project("{FAE04EC0-301F-11D3-BF4B-00C04F79EFBC}") = "LibraryTemplate.Test", "LibraryTemplate.Test\LibraryTemplate.Test.csproj", "{62D6D6C5-9312-43A9-ACCC-4CEB02B1C5E1}"
EndProject
Global
	GlobalSection(SolutionConfigurationPlatforms) = preSolution
		Debug|Any CPU = Debug|Any CPU
		Release|Any CPU = Release|Any CPU
	EndGlobalSection
	GlobalSection(ProjectConfigurationPlatforms) = postSolution
		{E243851D-F0C3-4481-B516-9F09DB214E23}.Debug|Any CPU.ActiveCfg = Debug|Any CPU
		{E243851D-F0C3-4481-B516-9F09DB214E23}.Debug|Any CPU.Build.0 = Debug|Any CPU
		{E243851D-F0C3-4481-B516-9F09DB214E23}.Release|Any CPU.ActiveCfg = Debug|Any CPU
		{E243851D-F0C3-4481-B516-9F09DB214E23}.Release|Any CPU.Build.0 = Debug|Any CPU
		{62D6D6C5-9312-43A9-ACCC-4CEB02B1C5E1}.Debug|Any CPU.ActiveCfg = Debug|Any CPU
		{62D6D6C5-9312-43A9-ACCC-4CEB02B1C5E1}.Debug|Any CPU.Build.0 = Debug|Any CPU
		{62D6D6C5-9312-43A9-ACCC-4CEB02B1C5E1}.Release|Any CPU.ActiveCfg = Debug|Any CPU
		{62D6D6C5-9312-43A9-ACCC-4CEB02B1C5E1}.Release|Any CPU.Build.0 = Debug|Any CPU
	EndGlobalSection
	GlobalSection(SolutionProperties) = preSolution
		HideSolutionNode = FALSE
	EndGlobalSection
	GlobalSection(ExtensibilityGlobals) = postSolution
		SolutionGuid = {FB3734EF-6AAB-46DC-BE02-BBF4D393E94A}
	EndGlobalSection
EndGlobal
