
Microsoft Visual Studio Solution File, Format Version 12.00
# Visual Studio 14
VisualStudioVersion = 14.0.25420.1
MinimumVisualStudioVersion = 10.0.40219.1
Project("{7CF6DF6D-3B04-46F8-A40B-537D21BCA0B4}") = "Relativity.IntegrationPoints.Documentation", "Relativity.IntegrationPoints.Documentation\Relativity.IntegrationPoints.Documentation.shfbproj", "{684349BD-D7F5-429C-BF65-5DB5575D3701}"
EndProject
Global
	GlobalSection(SolutionConfigurationPlatforms) = preSolution
		Debug|Any CPU = Debug|Any CPU
		Release|Any CPU = Release|Any CPU
	EndGlobalSection
	GlobalSection(ProjectConfigurationPlatforms) = postSolution
		{684349BD-D7F5-429C-BF65-5DB5575D3701}.Debug|Any CPU.ActiveCfg = Debug|Any CPU
		{684349BD-D7F5-429C-BF65-5DB5575D3701}.Debug|Any CPU.Build.0 = Debug|Any CPU
		{684349BD-D7F5-429C-BF65-5DB5575D3701}.Release|Any CPU.ActiveCfg = Release|Any CPU
		{684349BD-D7F5-429C-BF65-5DB5575D3701}.Release|Any CPU.Build.0 = Release|Any CPU
	EndGlobalSection
	GlobalSection(SolutionProperties) = preSolution
		HideSolutionNode = FALSE
	EndGlobalSection
EndGlobal
